
Microsoft Visual Studio Solution File, Format Version 12.00
# Visual Studio Version 17
VisualStudioVersion = 17.10.35013.160
MinimumVisualStudioVersion = 10.0.40219.1
Project("{FAE04EC0-301F-11D3-BF4B-00C04F79EFBC}") = "Ecommerce", "Ecommerce\Ecommerce.csproj", "{A66AA5E4-BC2D-422B-ADFF-467D4D2D480A}"
EndProject
Global
	GlobalSection(SolutionConfigurationPlatforms) = preSolution
		Debug|Any CPU = Debug|Any CPU
		Release|Any CPU = Release|Any CPU
	EndGlobalSection
	GlobalSection(ProjectConfigurationPlatforms) = postSolution
		{A66AA5E4-BC2D-422B-ADFF-467D4D2D480A}.Debug|Any CPU.ActiveCfg = Debug|Any CPU
		{A66AA5E4-BC2D-422B-ADFF-467D4D2D480A}.Debug|Any CPU.Build.0 = Debug|Any CPU
		{A66AA5E4-BC2D-422B-ADFF-467D4D2D480A}.Release|Any CPU.ActiveCfg = Release|Any CPU
		{A66AA5E4-BC2D-422B-ADFF-467D4D2D480A}.Release|Any CPU.Build.0 = Release|Any CPU
	EndGlobalSection
	GlobalSection(SolutionProperties) = preSolution
		HideSolutionNode = FALSE
	EndGlobalSection
	GlobalSection(ExtensibilityGlobals) = postSolution
		SolutionGuid = {E7C29640-B166-4EBD-94AE-96144AB188FD}
	EndGlobalSection
EndGlobal
